
Microsoft Visual Studio Solution File, Format Version 12.00
# Visual Studio Version 16
VisualStudioVersion = 16.0.30907.101
MinimumVisualStudioVersion = 10.0.40219.1
Project("{FAE04EC0-301F-11D3-BF4B-00C04F79EFBC}") = "IfElse", "kosullar\IfElse.csproj", "{F92F5BFA-F3F4-47AA-A0E4-9A786EE42118}"
EndProject
Global
	GlobalSection(SolutionConfigurationPlatforms) = preSolution
		Debug|Any CPU = Debug|Any CPU
		Release|Any CPU = Release|Any CPU
	EndGlobalSection
	GlobalSection(ProjectConfigurationPlatforms) = postSolution
		{F92F5BFA-F3F4-47AA-A0E4-9A786EE42118}.Debug|Any CPU.ActiveCfg = Debug|Any CPU
		{F92F5BFA-F3F4-47AA-A0E4-9A786EE42118}.Debug|Any CPU.Build.0 = Debug|Any CPU
		{F92F5BFA-F3F4-47AA-A0E4-9A786EE42118}.Release|Any CPU.ActiveCfg = Release|Any CPU
		{F92F5BFA-F3F4-47AA-A0E4-9A786EE42118}.Release|Any CPU.Build.0 = Release|Any CPU
	EndGlobalSection
	GlobalSection(SolutionProperties) = preSolution
		HideSolutionNode = FALSE
	EndGlobalSection
	GlobalSection(ExtensibilityGlobals) = postSolution
		SolutionGuid = {F1EB3FD4-FC15-41B7-B135-FEB555CBF2A3}
	EndGlobalSection
EndGlobal
